// !$*UTF8*$!
{
	archiveVersion = 1;
	classes = {
	};
	objectVersion = 55;
	objects = {

/* Begin PBXBuildFile section */
		65731C252785DC5B00DB80D9 /* AppDelegate.swift in Sources */ = {isa = PBXBuildFile; fileRef = 65731C242785DC5B00DB80D9 /* AppDelegate.swift */; };
		65731C272785DC5B00DB80D9 /* SceneDelegate.swift in Sources */ = {isa = PBXBuildFile; fileRef = 65731C262785DC5B00DB80D9 /* SceneDelegate.swift */; };
		65731C292785DC5B00DB80D9 /* ViewController.swift in Sources */ = {isa = PBXBuildFile; fileRef = 65731C282785DC5B00DB80D9 /* ViewController.swift */; };
		65731C2C2785DC5B00DB80D9 /* Main.storyboard in Resources */ = {isa = PBXBuildFile; fileRef = 65731C2A2785DC5B00DB80D9 /* Main.storyboard */; };
		65731C2F2785DC5B00DB80D9 /* chickenApp.xcdatamodeld in Sources */ = {isa = PBXBuildFile; fileRef = 65731C2D2785DC5B00DB80D9 /* chickenApp.xcdatamodeld */; };
		65731C312785DC5D00DB80D9 /* Assets.xcassets in Resources */ = {isa = PBXBuildFile; fileRef = 65731C302785DC5D00DB80D9 /* Assets.xcassets */; };
		65731C342785DC5D00DB80D9 /* LaunchScreen.storyboard in Resources */ = {isa = PBXBuildFile; fileRef = 65731C322785DC5D00DB80D9 /* LaunchScreen.storyboard */; };
		65F77A78278DBF3C00322532 /* ViewController2.swift in Sources */ = {isa = PBXBuildFile; fileRef = 65F77A77278DBF3C00322532 /* ViewController2.swift */; };
		65F77A7A278DC35F00322532 /* ViewController3.swift in Sources */ = {isa = PBXBuildFile; fileRef = 65F77A79278DC35F00322532 /* ViewController3.swift */; };
		65F77A7C278DC36B00322532 /* ViewController4.swift in Sources */ = {isa = PBXBuildFile; fileRef = 65F77A7B278DC36B00322532 /* ViewController4.swift */; };
		9C9F0922278C7788002D2299 /* ChickenClass.swift in Sources */ = {isa = PBXBuildFile; fileRef = 9C9F0921278C7788002D2299 /* ChickenClass.swift */; };
/* End PBXBuildFile section */

/* Begin PBXFileReference section */
		65731C212785DC5B00DB80D9 /* chickenApp.app */ = {isa = PBXFileReference; explicitFileType = wrapper.application; includeInIndex = 0; path = chickenApp.app; sourceTree = BUILT_PRODUCTS_DIR; };
		65731C242785DC5B00DB80D9 /* AppDelegate.swift */ = {isa = PBXFileReference; lastKnownFileType = sourcecode.swift; path = AppDelegate.swift; sourceTree = "<group>"; };
		65731C262785DC5B00DB80D9 /* SceneDelegate.swift */ = {isa = PBXFileReference; lastKnownFileType = sourcecode.swift; path = SceneDelegate.swift; sourceTree = "<group>"; };
		65731C282785DC5B00DB80D9 /* ViewController.swift */ = {isa = PBXFileReference; lastKnownFileType = sourcecode.swift; path = ViewController.swift; sourceTree = "<group>"; };
		65731C2B2785DC5B00DB80D9 /* Base */ = {isa = PBXFileReference; lastKnownFileType = file.storyboard; name = Base; path = Base.lproj/Main.storyboard; sourceTree = "<group>"; };
		65731C2E2785DC5B00DB80D9 /* chickenApp.xcdatamodel */ = {isa = PBXFileReference; lastKnownFileType = wrapper.xcdatamodel; path = chickenApp.xcdatamodel; sourceTree = "<group>"; };
		65731C302785DC5D00DB80D9 /* Assets.xcassets */ = {isa = PBXFileReference; lastKnownFileType = folder.assetcatalog; path = Assets.xcassets; sourceTree = "<group>"; };
		65731C332785DC5D00DB80D9 /* Base */ = {isa = PBXFileReference; lastKnownFileType = file.storyboard; name = Base; path = Base.lproj/LaunchScreen.storyboard; sourceTree = "<group>"; };
		65731C352785DC5D00DB80D9 /* Info.plist */ = {isa = PBXFileReference; lastKnownFileType = text.plist.xml; path = Info.plist; sourceTree = "<group>"; };
		65F77A77278DBF3C00322532 /* ViewController2.swift */ = {isa = PBXFileReference; lastKnownFileType = sourcecode.swift; path = ViewController2.swift; sourceTree = "<group>"; };
		65F77A79278DC35F00322532 /* ViewController3.swift */ = {isa = PBXFileReference; lastKnownFileType = sourcecode.swift; path = ViewController3.swift; sourceTree = "<group>"; };
		65F77A7B278DC36B00322532 /* ViewController4.swift */ = {isa = PBXFileReference; lastKnownFileType = sourcecode.swift; path = ViewController4.swift; sourceTree = "<group>"; };
		9C9F0921278C7788002D2299 /* ChickenClass.swift */ = {isa = PBXFileReference; lastKnownFileType = sourcecode.swift; path = ChickenClass.swift; sourceTree = "<group>"; };
/* End PBXFileReference section */

/* Begin PBXFrameworksBuildPhase section */
		65731C1E2785DC5B00DB80D9 /* Frameworks */ = {
			isa = PBXFrameworksBuildPhase;
			buildActionMask = 2147483647;
			files = (
			);
			runOnlyForDeploymentPostprocessing = 0;
		};
/* End PBXFrameworksBuildPhase section */

/* Begin PBXGroup section */
		65731C182785DC5B00DB80D9 = {
			isa = PBXGroup;
			children = (
				65731C232785DC5B00DB80D9 /* chickenApp */,
				65731C222785DC5B00DB80D9 /* Products */,
			);
			sourceTree = "<group>";
		};
		65731C222785DC5B00DB80D9 /* Products */ = {
			isa = PBXGroup;
			children = (
				65731C212785DC5B00DB80D9 /* chickenApp.app */,
			);
			name = Products;
			sourceTree = "<group>";
		};
		65731C232785DC5B00DB80D9 /* chickenApp */ = {
			isa = PBXGroup;
			children = (
				65731C242785DC5B00DB80D9 /* AppDelegate.swift */,
				65731C262785DC5B00DB80D9 /* SceneDelegate.swift */,
				65731C282785DC5B00DB80D9 /* ViewController.swift */,
				65F77A77278DBF3C00322532 /* ViewController2.swift */,
				65F77A79278DC35F00322532 /* ViewController3.swift */,
				65F77A7B278DC36B00322532 /* ViewController4.swift */,
				9C9F0921278C7788002D2299 /* ChickenClass.swift */,
				65731C2A2785DC5B00DB80D9 /* Main.storyboard */,
				65731C302785DC5D00DB80D9 /* Assets.xcassets */,
				65731C322785DC5D00DB80D9 /* LaunchScreen.storyboard */,
				65731C352785DC5D00DB80D9 /* Info.plist */,
				65731C2D2785DC5B00DB80D9 /* chickenApp.xcdatamodeld */,
			);
			path = chickenApp;
			sourceTree = "<group>";
		};
/* End PBXGroup section */

/* Begin PBXNativeTarget section */
		65731C202785DC5B00DB80D9 /* chickenApp */ = {
			isa = PBXNativeTarget;
			buildConfigurationList = 65731C382785DC5D00DB80D9 /* Build configuration list for PBXNativeTarget "chickenApp" */;
			buildPhases = (
				65731C1D2785DC5B00DB80D9 /* Sources */,
				65731C1E2785DC5B00DB80D9 /* Frameworks */,
				65731C1F2785DC5B00DB80D9 /* Resources */,
			);
			buildRules = (
			);
			dependencies = (
			);
			name = chickenApp;
			productName = chickenApp;
			productReference = 65731C212785DC5B00DB80D9 /* chickenApp.app */;
			productType = "com.apple.product-type.application";
		};
/* End PBXNativeTarget section */

/* Begin PBXProject section */
		65731C192785DC5B00DB80D9 /* Project object */ = {
			isa = PBXProject;
			attributes = {
				BuildIndependentTargetsInParallel = 1;
				LastSwiftUpdateCheck = 1300;
				LastUpgradeCheck = 1300;
				TargetAttributes = {
					65731C202785DC5B00DB80D9 = {
						CreatedOnToolsVersion = 13.0;
					};
				};
			};
			buildConfigurationList = 65731C1C2785DC5B00DB80D9 /* Build configuration list for PBXProject "chickenApp" */;
			compatibilityVersion = "Xcode 13.0";
			developmentRegion = en;
			hasScannedForEncodings = 0;
			knownRegions = (
				en,
				Base,
			);
			mainGroup = 65731C182785DC5B00DB80D9;
			productRefGroup = 65731C222785DC5B00DB80D9 /* Products */;
			projectDirPath = "";
			projectRoot = "";
			targets = (
				65731C202785DC5B00DB80D9 /* chickenApp */,
			);
		};
/* End PBXProject section */

/* Begin PBXResourcesBuildPhase section */
		65731C1F2785DC5B00DB80D9 /* Resources */ = {
			isa = PBXResourcesBuildPhase;
			buildActionMask = 2147483647;
			files = (
				65731C342785DC5D00DB80D9 /* LaunchScreen.storyboard in Resources */,
				65731C312785DC5D00DB80D9 /* Assets.xcassets in Resources */,
				65731C2C2785DC5B00DB80D9 /* Main.storyboard in Resources */,
			);
			runOnlyForDeploymentPostprocessing = 0;
		};
/* End PBXResourcesBuildPhase section */

/* Begin PBXSourcesBuildPhase section */
		65731C1D2785DC5B00DB80D9 /* Sources */ = {
			isa = PBXSourcesBuildPhase;
			buildActionMask = 2147483647;
			files = (
				65731C292785DC5B00DB80D9 /* ViewController.swift in Sources */,
				65731C2F2785DC5B00DB80D9 /* chickenApp.xcdatamodeld in Sources */,
				65731C252785DC5B00DB80D9 /* AppDelegate.swift in Sources */,
				65F77A7C278DC36B00322532 /* ViewController4.swift in Sources */,
				65731C272785DC5B00DB80D9 /* SceneDelegate.swift in Sources */,
				9C9F0922278C7788002D2299 /* ChickenClass.swift in Sources */,
				65F77A7A278DC35F00322532 /* ViewController3.swift in Sources */,
				65F77A78278DBF3C00322532 /* ViewController2.swift in Sources */,
			);
			runOnlyForDeploymentPostprocessing = 0;
		};
/* End PBXSourcesBuildPhase section */

/* Begin PBXVariantGroup section */
		65731C2A2785DC5B00DB80D9 /* Main.storyboard */ = {
			isa = PBXVariantGroup;
			children = (
				65731C2B2785DC5B00DB80D9 /* Base */,
			);
			name = Main.storyboard;
			sourceTree = "<group>";
		};
		65731C322785DC5D00DB80D9 /* LaunchScreen.storyboard */ = {
			isa = PBXVariantGroup;
			children = (
				65731C332785DC5D00DB80D9 /* Base */,
			);
			name = LaunchScreen.storyboard;
			sourceTree = "<group>";
		};
/* End PBXVariantGroup section */

/* Begin XCBuildConfiguration section */
		65731C362785DC5D00DB80D9 /* Debug */ = {
			isa = XCBuildConfiguration;
			buildSettings = {
				ALWAYS_SEARCH_USER_PATHS = NO;
				CLANG_ANALYZER_NONNULL = YES;
				CLANG_ANALYZER_NUMBER_OBJECT_CONVERSION = YES_AGGRESSIVE;
				CLANG_CXX_LANGUAGE_STANDARD = "gnu++17";
				CLANG_CXX_LIBRARY = "libc++";
				CLANG_ENABLE_MODULES = YES;
				CLANG_ENABLE_OBJC_ARC = YES;
				CLANG_ENABLE_OBJC_WEAK = YES;
				CLANG_WARN_BLOCK_CAPTURE_AUTORELEASING = YES;
				CLANG_WARN_BOOL_CONVERSION = YES;
				CLANG_WARN_COMMA = YES;
				CLANG_WARN_CONSTANT_CONVERSION = YES;
				CLANG_WARN_DEPRECATED_OBJC_IMPLEMENTATIONS = YES;
				CLANG_WARN_DIRECT_OBJC_ISA_USAGE = YES_ERROR;
				CLANG_WARN_DOCUMENTATION_COMMENTS = YES;
				CLANG_WARN_EMPTY_BODY = YES;
				CLANG_WARN_ENUM_CONVERSION = YES;
				CLANG_WARN_INFINITE_RECURSION = YES;
				CLANG_WARN_INT_CONVERSION = YES;
				CLANG_WARN_NON_LITERAL_NULL_CONVERSION = YES;
				CLANG_WARN_OBJC_IMPLICIT_RETAIN_SELF = YES;
				CLANG_WARN_OBJC_LITERAL_CONVERSION = YES;
				CLANG_WARN_OBJC_ROOT_CLASS = YES_ERROR;
				CLANG_WARN_QUOTED_INCLUDE_IN_FRAMEWORK_HEADER = YES;
				CLANG_WARN_RANGE_LOOP_ANALYSIS = YES;
				CLANG_WARN_STRICT_PROTOTYPES = YES;
				CLANG_WARN_SUSPICIOUS_MOVE = YES;
				CLANG_WARN_UNGUARDED_AVAILABILITY = YES_AGGRESSIVE;
				CLANG_WARN_UNREACHABLE_CODE = YES;
				CLANG_WARN__DUPLICATE_METHOD_MATCH = YES;
				COPY_PHASE_STRIP = NO;
				DEBUG_INFORMATION_FORMAT = dwarf;
				ENABLE_STRICT_OBJC_MSGSEND = YES;
				ENABLE_TESTABILITY = YES;
				GCC_C_LANGUAGE_STANDARD = gnu11;
				GCC_DYNAMIC_NO_PIC = NO;
				GCC_NO_COMMON_BLOCKS = YES;
				GCC_OPTIMIZATION_LEVEL = 0;
				GCC_PREPROCESSOR_DEFINITIONS = (
					"DEBUG=1",
					"$(inherited)",
				);
				GCC_WARN_64_TO_32_BIT_CONVERSION = YES;
				GCC_WARN_ABOUT_RETURN_TYPE = YES_ERROR;
				GCC_WARN_UNDECLARED_SELECTOR = YES;
				GCC_WARN_UNINITIALIZED_AUTOS = YES_AGGRESSIVE;
				GCC_WARN_UNUSED_FUNCTION = YES;
				GCC_WARN_UNUSED_VARIABLE = YES;
				IPHONEOS_DEPLOYMENT_TARGET = 15.0;
				MTL_ENABLE_DEBUG_INFO = INCLUDE_SOURCE;
				MTL_FAST_MATH = YES;
				ONLY_ACTIVE_ARCH = YES;
				SDKROOT = iphoneos;
				SWIFT_ACTIVE_COMPILATION_CONDITIONS = DEBUG;
				SWIFT_OPTIMIZATION_LEVEL = "-Onone";
			};
			name = Debug;
		};
		65731C372785DC5D00DB80D9 /* Release */ = {
			isa = XCBuildConfiguration;
			buildSettings = {
				ALWAYS_SEARCH_USER_PATHS = NO;
				CLANG_ANALYZER_NONNULL = YES;
				CLANG_ANALYZER_NUMBER_OBJECT_CONVERSION = YES_AGGRESSIVE;
				CLANG_CXX_LANGUAGE_STANDARD = "gnu++17";
				CLANG_CXX_LIBRARY = "libc++";
				CLANG_ENABLE_MODULES = YES;
				CLANG_ENABLE_OBJC_ARC = YES;
				CLANG_ENABLE_OBJC_WEAK = YES;
				CLANG_WARN_BLOCK_CAPTURE_AUTORELEASING = YES;
				CLANG_WARN_BOOL_CONVERSION = YES;
				CLANG_WARN_COMMA = YES;
				CLANG_WARN_CONSTANT_CONVERSION = YES;
				CLANG_WARN_DEPRECATED_OBJC_IMPLEMENTATIONS = YES;
				CLANG_WARN_DIRECT_OBJC_ISA_USAGE = YES_ERROR;
				CLANG_WARN_DOCUMENTATION_COMMENTS = YES;
				CLANG_WARN_EMPTY_BODY = YES;
				CLANG_WARN_ENUM_CONVERSION = YES;
				CLANG_WARN_INFINITE_RECURSION = YES;
				CLANG_WARN_INT_CONVERSION = YES;
				CLANG_WARN_NON_LITERAL_NULL_CONVERSION = YES;
				CLANG_WARN_OBJC_IMPLICIT_RETAIN_SELF = YES;
				CLANG_WARN_OBJC_LITERAL_CONVERSION = YES;
				CLANG_WARN_OBJC_ROOT_CLASS = YES_ERROR;
				CLANG_WARN_QUOTED_INCLUDE_IN_FRAMEWORK_HEADER = YES;
				CLANG_WARN_RANGE_LOOP_ANALYSIS = YES;
				CLANG_WARN_STRICT_PROTOTYPES = YES;
				CLANG_WARN_SUSPICIOUS_MOVE = YES;
				CLANG_WARN_UNGUARDED_AVAILABILITY = YES_AGGRESSIVE;
				CLANG_WARN_UNREACHABLE_CODE = YES;
				CLANG_WARN__DUPLICATE_METHOD_MATCH = YES;
				COPY_PHASE_STRIP = NO;
				DEBUG_INFORMATION_FORMAT = "dwarf-with-dsym";
				ENABLE_NS_ASSERTIONS = NO;
				ENABLE_STRICT_OBJC_MSGSEND = YES;
				GCC_C_LANGUAGE_STANDARD = gnu11;
				GCC_NO_COMMON_BLOCKS = YES;
				GCC_WARN_64_TO_32_BIT_CONVERSION = YES;
				GCC_WARN_ABOUT_RETURN_TYPE = YES_ERROR;
				GCC_WARN_UNDECLARED_SELECTOR = YES;
				GCC_WARN_UNINITIALIZED_AUTOS = YES_AGGRESSIVE;
				GCC_WARN_UNUSED_FUNCTION = YES;
				GCC_WARN_UNUSED_VARIABLE = YES;
				IPHONEOS_DEPLOYMENT_TARGET = 15.0;
				MTL_ENABLE_DEBUG_INFO = NO;
				MTL_FAST_MATH = YES;
				SDKROOT = iphoneos;
				SWIFT_COMPILATION_MODE = wholemodule;
				SWIFT_OPTIMIZATION_LEVEL = "-O";
				VALIDATE_PRODUCT = YES;
			};
			name = Release;
		};
		65731C392785DC5D00DB80D9 /* Debug */ = {
			isa = XCBuildConfiguration;
			buildSettings = {
				ASSETCATALOG_COMPILER_APPICON_NAME = AppIcon;
				ASSETCATALOG_COMPILER_GLOBAL_ACCENT_COLOR_NAME = AccentColor;
				CODE_SIGN_STYLE = Automatic;
				CURRENT_PROJECT_VERSION = 1;
				DEVELOPMENT_TEAM = TYPD3BQY83;
				GENERATE_INFOPLIST_FILE = YES;
				INFOPLIST_FILE = chickenApp/Info.plist;
				INFOPLIST_KEY_UIApplicationSupportsIndirectInputEvents = YES;
				INFOPLIST_KEY_UILaunchStoryboardName = LaunchScreen;
				INFOPLIST_KEY_UIMainStoryboardFile = Main;
				INFOPLIST_KEY_UISupportedInterfaceOrientations_iPad = "UIInterfaceOrientationPortrait UIInterfaceOrientationPortraitUpsideDown UIInterfaceOrientationLandscapeLeft UIInterfaceOrientationLandscapeRight";
				INFOPLIST_KEY_UISupportedInterfaceOrientations_iPhone = "UIInterfaceOrientationPortrait UIInterfaceOrientationLandscapeLeft UIInterfaceOrientationLandscapeRight";
				LD_RUNPATH_SEARCH_PATHS = (
					"$(inherited)",
					"@executable_path/Frameworks",
				);
				MARKETING_VERSION = 1.0;
				PRODUCT_BUNDLE_IDENTIFIER = CLC.chickenApp;
				PRODUCT_NAME = "$(TARGET_NAME)";
				SWIFT_EMIT_LOC_STRINGS = YES;
				SWIFT_VERSION = 5.0;
				TARGETED_DEVICE_FAMILY = "1,2";
			};
			name = Debug;
		};
		65731C3A2785DC5D00DB80D9 /* Release */ = {
			isa = XCBuildConfiguration;
			buildSettings = {
				ASSETCATALOG_COMPILER_APPICON_NAME = AppIcon;
				ASSETCATALOG_COMPILER_GLOBAL_ACCENT_COLOR_NAME = AccentColor;
				CODE_SIGN_STYLE = Automatic;
				CURRENT_PROJECT_VERSION = 1;
				DEVELOPMENT_TEAM = TYPD3BQY83;
				GENERATE_INFOPLIST_FILE = YES;
				INFOPLIST_FILE = chickenApp/Info.plist;
				INFOPLIST_KEY_UIApplicationSupportsIndirectInputEvents = YES;
				INFOPLIST_KEY_UILaunchStoryboardName = LaunchScreen;
				INFOPLIST_KEY_UIMainStoryboardFile = Main;
				INFOPLIST_KEY_UISupportedInterfaceOrientations_iPad = "UIInterfaceOrientationPortrait UIInterfaceOrientationPortraitUpsideDown UIInterfaceOrientationLandscapeLeft UIInterfaceOrientationLandscapeRight";
				INFOPLIST_KEY_UISupportedInterfaceOrientations_iPhone = "UIInterfaceOrientationPortrait UIInterfaceOrientationLandscapeLeft UIInterfaceOrientationLandscapeRight";
				LD_RUNPATH_SEARCH_PATHS = (
					"$(inherited)",
					"@executable_path/Frameworks",
				);
				MARKETING_VERSION = 1.0;
				PRODUCT_BUNDLE_IDENTIFIER = CLC.chickenApp;
				PRODUCT_NAME = "$(TARGET_NAME)";
				SWIFT_EMIT_LOC_STRINGS = YES;
				SWIFT_VERSION = 5.0;
				TARGETED_DEVICE_FAMILY = "1,2";
			};
			name = Release;
		};
/* End XCBuildConfiguration section */

/* Begin XCConfigurationList section */
		65731C1C2785DC5B00DB80D9 /* Build configuration list for PBXProject "chickenApp" */ = {
			isa = XCConfigurationList;
			buildConfigurations = (
				65731C362785DC5D00DB80D9 /* Debug */,
				65731C372785DC5D00DB80D9 /* Release */,
			);
			defaultConfigurationIsVisible = 0;
			defaultConfigurationName = Release;
		};
		65731C382785DC5D00DB80D9 /* Build configuration list for PBXNativeTarget "chickenApp" */ = {
			isa = XCConfigurationList;
			buildConfigurations = (
				65731C392785DC5D00DB80D9 /* Debug */,
				65731C3A2785DC5D00DB80D9 /* Release */,
			);
			defaultConfigurationIsVisible = 0;
			defaultConfigurationName = Release;
		};
/* End XCConfigurationList section */

/* Begin XCVersionGroup section */
		65731C2D2785DC5B00DB80D9 /* chickenApp.xcdatamodeld */ = {
			isa = XCVersionGroup;
			children = (
				65731C2E2785DC5B00DB80D9 /* chickenApp.xcdatamodel */,
			);
			currentVersion = 65731C2E2785DC5B00DB80D9 /* chickenApp.xcdatamodel */;
			path = chickenApp.xcdatamodeld;
			sourceTree = "<group>";
			versionGroupType = wrapper.xcdatamodel;
		};
/* End XCVersionGroup section */
	};
	rootObject = 65731C192785DC5B00DB80D9 /* Project object */;
}
